// !$*UTF8*$!
{
	archiveVersion = 1;
	classes = {
	};
	objectVersion = 55;
	objects = {

/* Begin PBXBuildFile section */
		79831F09277F496800731165 /* TouchDownApp.swift in Sources */ = {isa = PBXBuildFile; fileRef = 79831F08277F496800731165 /* TouchDownApp.swift */; };
		79831F0B277F496800731165 /* ContentView.swift in Sources */ = {isa = PBXBuildFile; fileRef = 79831F0A277F496800731165 /* ContentView.swift */; };
		79831F0D277F496900731165 /* Assets.xcassets in Resources */ = {isa = PBXBuildFile; fileRef = 79831F0C277F496900731165 /* Assets.xcassets */; };
		79831F10277F496900731165 /* Preview Assets.xcassets in Resources */ = {isa = PBXBuildFile; fileRef = 79831F0F277F496900731165 /* Preview Assets.xcassets */; };
		79831F1A277F496900731165 /* TouchDownTests.swift in Sources */ = {isa = PBXBuildFile; fileRef = 79831F19277F496900731165 /* TouchDownTests.swift */; };
		79831F24277F496900731165 /* TouchDownUITests.swift in Sources */ = {isa = PBXBuildFile; fileRef = 79831F23277F496900731165 /* TouchDownUITests.swift */; };
		79831F26277F496900731165 /* TouchDownUITestsLaunchTests.swift in Sources */ = {isa = PBXBuildFile; fileRef = 79831F25277F496900731165 /* TouchDownUITestsLaunchTests.swift */; };
		79831F37277F4A8B00731165 /* brand.json in Resources */ = {isa = PBXBuildFile; fileRef = 79831F33277F4A8B00731165 /* brand.json */; };
		79831F38277F4A8B00731165 /* category.json in Resources */ = {isa = PBXBuildFile; fileRef = 79831F34277F4A8B00731165 /* category.json */; };
		79831F39277F4A8B00731165 /* player.json in Resources */ = {isa = PBXBuildFile; fileRef = 79831F35277F4A8B00731165 /* player.json */; };
		79831F3A277F4A8B00731165 /* product.json in Resources */ = {isa = PBXBuildFile; fileRef = 79831F36277F4A8B00731165 /* product.json */; };
		79831F44277F560400731165 /* Constant.swift in Sources */ = {isa = PBXBuildFile; fileRef = 79831F43277F560400731165 /* Constant.swift */; };
		79831F46277F5B5C00731165 /* FooterView.swift in Sources */ = {isa = PBXBuildFile; fileRef = 79831F45277F5B5C00731165 /* FooterView.swift */; };
/* End PBXBuildFile section */

/* Begin PBXContainerItemProxy section */
		79831F16277F496900731165 /* PBXContainerItemProxy */ = {
			isa = PBXContainerItemProxy;
			containerPortal = 79831EFD277F496800731165 /* Project object */;
			proxyType = 1;
			remoteGlobalIDString = 79831F04277F496800731165;
			remoteInfo = TouchDown;
		};
		79831F20277F496900731165 /* PBXContainerItemProxy */ = {
			isa = PBXContainerItemProxy;
			containerPortal = 79831EFD277F496800731165 /* Project object */;
			proxyType = 1;
			remoteGlobalIDString = 79831F04277F496800731165;
			remoteInfo = TouchDown;
		};
/* End PBXContainerItemProxy section */

/* Begin PBXFileReference section */
		79831F05277F496800731165 /* TouchDown.app */ = {isa = PBXFileReference; explicitFileType = wrapper.application; includeInIndex = 0; path = TouchDown.app; sourceTree = BUILT_PRODUCTS_DIR; };
		79831F08277F496800731165 /* TouchDownApp.swift */ = {isa = PBXFileReference; lastKnownFileType = sourcecode.swift; path = TouchDownApp.swift; sourceTree = "<group>"; };
		79831F0A277F496800731165 /* ContentView.swift */ = {isa = PBXFileReference; lastKnownFileType = sourcecode.swift; path = ContentView.swift; sourceTree = "<group>"; };
		79831F0C277F496900731165 /* Assets.xcassets */ = {isa = PBXFileReference; lastKnownFileType = folder.assetcatalog; path = Assets.xcassets; sourceTree = "<group>"; };
		79831F0F277F496900731165 /* Preview Assets.xcassets */ = {isa = PBXFileReference; lastKnownFileType = folder.assetcatalog; path = "Preview Assets.xcassets"; sourceTree = "<group>"; };
		79831F15277F496900731165 /* TouchDownTests.xctest */ = {isa = PBXFileReference; explicitFileType = wrapper.cfbundle; includeInIndex = 0; path = TouchDownTests.xctest; sourceTree = BUILT_PRODUCTS_DIR; };
		79831F19277F496900731165 /* TouchDownTests.swift */ = {isa = PBXFileReference; lastKnownFileType = sourcecode.swift; path = TouchDownTests.swift; sourceTree = "<group>"; };
		79831F1F277F496900731165 /* TouchDownUITests.xctest */ = {isa = PBXFileReference; explicitFileType = wrapper.cfbundle; includeInIndex = 0; path = TouchDownUITests.xctest; sourceTree = BUILT_PRODUCTS_DIR; };
		79831F23277F496900731165 /* TouchDownUITests.swift */ = {isa = PBXFileReference; lastKnownFileType = sourcecode.swift; path = TouchDownUITests.swift; sourceTree = "<group>"; };
		79831F25277F496900731165 /* TouchDownUITestsLaunchTests.swift */ = {isa = PBXFileReference; lastKnownFileType = sourcecode.swift; path = TouchDownUITestsLaunchTests.swift; sourceTree = "<group>"; };
		79831F33277F4A8B00731165 /* brand.json */ = {isa = PBXFileReference; fileEncoding = 4; lastKnownFileType = text.json; path = brand.json; sourceTree = "<group>"; };
		79831F34277F4A8B00731165 /* category.json */ = {isa = PBXFileReference; fileEncoding = 4; lastKnownFileType = text.json; path = category.json; sourceTree = "<group>"; };
		79831F35277F4A8B00731165 /* player.json */ = {isa = PBXFileReference; fileEncoding = 4; lastKnownFileType = text.json; path = player.json; sourceTree = "<group>"; };
		79831F36277F4A8B00731165 /* product.json */ = {isa = PBXFileReference; fileEncoding = 4; lastKnownFileType = text.json; path = product.json; sourceTree = "<group>"; };
		79831F3B277F4B1400731165 /* Info.plist */ = {isa = PBXFileReference; lastKnownFileType = text.plist; path = Info.plist; sourceTree = "<group>"; };
		79831F43277F560400731165 /* Constant.swift */ = {isa = PBXFileReference; lastKnownFileType = sourcecode.swift; path = Constant.swift; sourceTree = "<group>"; };
		79831F45277F5B5C00731165 /* FooterView.swift */ = {isa = PBXFileReference; lastKnownFileType = sourcecode.swift; path = FooterView.swift; sourceTree = "<group>"; };
/* End PBXFileReference section */

/* Begin PBXFrameworksBuildPhase section */
		79831F02277F496800731165 /* Frameworks */ = {
			isa = PBXFrameworksBuildPhase;
			buildActionMask = 2147483647;
			files = (
			);
			runOnlyForDeploymentPostprocessing = 0;
		};
		79831F12277F496900731165 /* Frameworks */ = {
			isa = PBXFrameworksBuildPhase;
			buildActionMask = 2147483647;
			files = (
			);
			runOnlyForDeploymentPostprocessing = 0;
		};
		79831F1C277F496900731165 /* Frameworks */ = {
			isa = PBXFrameworksBuildPhase;
			buildActionMask = 2147483647;
			files = (
			);
			runOnlyForDeploymentPostprocessing = 0;
		};
/* End PBXFrameworksBuildPhase section */

/* Begin PBXGroup section */
		79831EFC277F496800731165 = {
			isa = PBXGroup;
			children = (
				79831F07277F496800731165 /* TouchDown */,
				79831F18277F496900731165 /* TouchDownTests */,
				79831F22277F496900731165 /* TouchDownUITests */,
				79831F06277F496800731165 /* Products */,
			);
			sourceTree = "<group>";
		};
		79831F06277F496800731165 /* Products */ = {
			isa = PBXGroup;
			children = (
				79831F05277F496800731165 /* TouchDown.app */,
				79831F15277F496900731165 /* TouchDownTests.xctest */,
				79831F1F277F496900731165 /* TouchDownUITests.xctest */,
			);
			name = Products;
			sourceTree = "<group>";
		};
		79831F07277F496800731165 /* TouchDown */ = {
			isa = PBXGroup;
			children = (
				79831F3C277F4BDA00731165 /* App */,
				79831F3D277F4BE400731165 /* View */,
				79831F3E277F4C7B00731165 /* Model */,
				79831F40277F4C9400731165 /* Utility */,
				79831F3F277F4C8300731165 /* Extension */,
				79831F32277F4A6F00731165 /* Data */,
				79831F3B277F4B1400731165 /* Info.plist */,
				79831F0C277F496900731165 /* Assets.xcassets */,
				79831F0E277F496900731165 /* Preview Content */,
			);
			path = TouchDown;
			sourceTree = "<group>";
		};
		79831F0E277F496900731165 /* Preview Content */ = {
			isa = PBXGroup;
			children = (
				79831F0F277F496900731165 /* Preview Assets.xcassets */,
			);
			path = "Preview Content";
			sourceTree = "<group>";
		};
		79831F18277F496900731165 /* TouchDownTests */ = {
			isa = PBXGroup;
			children = (
				79831F19277F496900731165 /* TouchDownTests.swift */,
			);
			path = TouchDownTests;
			sourceTree = "<group>";
		};
		79831F22277F496900731165 /* TouchDownUITests */ = {
			isa = PBXGroup;
			children = (
				79831F23277F496900731165 /* TouchDownUITests.swift */,
				79831F25277F496900731165 /* TouchDownUITestsLaunchTests.swift */,
			);
			path = TouchDownUITests;
			sourceTree = "<group>";
		};
		79831F32277F4A6F00731165 /* Data */ = {
			isa = PBXGroup;
			children = (
				79831F33277F4A8B00731165 /* brand.json */,
				79831F34277F4A8B00731165 /* category.json */,
				79831F35277F4A8B00731165 /* player.json */,
				79831F36277F4A8B00731165 /* product.json */,
			);
			path = Data;
			sourceTree = "<group>";
		};
		79831F3C277F4BDA00731165 /* App */ = {
			isa = PBXGroup;
			children = (
				79831F08277F496800731165 /* TouchDownApp.swift */,
				79831F0A277F496800731165 /* ContentView.swift */,
			);
			name = App;
			sourceTree = "<group>";
		};
		79831F3D277F4BE400731165 /* View */ = {
			isa = PBXGroup;
			children = (
				79831F41277F4CA000731165 /* Home */,
				79831F42277F4CB000731165 /* Detail */,
			);
			path = View;
			sourceTree = "<group>";
		};
		79831F3E277F4C7B00731165 /* Model */ = {
			isa = PBXGroup;
			children = (
			);
			path = Model;
			sourceTree = "<group>";
		};
		79831F3F277F4C8300731165 /* Extension */ = {
			isa = PBXGroup;
			children = (
			);
			path = Extension;
			sourceTree = "<group>";
		};
		79831F40277F4C9400731165 /* Utility */ = {
			isa = PBXGroup;
			children = (
				79831F43277F560400731165 /* Constant.swift */,
			);
			path = Utility;
			sourceTree = "<group>";
		};
		79831F41277F4CA000731165 /* Home */ = {
			isa = PBXGroup;
			children = (
				79831F45277F5B5C00731165 /* FooterView.swift */,
			);
			path = Home;
			sourceTree = "<group>";
		};
		79831F42277F4CB000731165 /* Detail */ = {
			isa = PBXGroup;
			children = (
			);
			path = Detail;
			sourceTree = "<group>";
		};
/* End PBXGroup section */

/* Begin PBXNativeTarget section */
		79831F04277F496800731165 /* TouchDown */ = {
			isa = PBXNativeTarget;
			buildConfigurationList = 79831F29277F496900731165 /* Build configuration list for PBXNativeTarget "TouchDown" */;
			buildPhases = (
				79831F01277F496800731165 /* Sources */,
				79831F02277F496800731165 /* Frameworks */,
				79831F03277F496800731165 /* Resources */,
			);
			buildRules = (
			);
			dependencies = (
			);
			name = TouchDown;
			productName = TouchDown;
			productReference = 79831F05277F496800731165 /* TouchDown.app */;
			productType = "com.apple.product-type.application";
		};
		79831F14277F496900731165 /* TouchDownTests */ = {
			isa = PBXNativeTarget;
			buildConfigurationList = 79831F2C277F496900731165 /* Build configuration list for PBXNativeTarget "TouchDownTests" */;
			buildPhases = (
				79831F11277F496900731165 /* Sources */,
				79831F12277F496900731165 /* Frameworks */,
				79831F13277F496900731165 /* Resources */,
			);
			buildRules = (
			);
			dependencies = (
				79831F17277F496900731165 /* PBXTargetDependency */,
			);
			name = TouchDownTests;
			productName = TouchDownTests;
			productReference = 79831F15277F496900731165 /* TouchDownTests.xctest */;
			productType = "com.apple.product-type.bundle.unit-test";
		};
		79831F1E277F496900731165 /* TouchDownUITests */ = {
			isa = PBXNativeTarget;
			buildConfigurationList = 79831F2F277F496900731165 /* Build configuration list for PBXNativeTarget "TouchDownUITests" */;
			buildPhases = (
				79831F1B277F496900731165 /* Sources */,
				79831F1C277F496900731165 /* Frameworks */,
				79831F1D277F496900731165 /* Resources */,
			);
			buildRules = (
			);
			dependencies = (
				79831F21277F496900731165 /* PBXTargetDependency */,
			);
			name = TouchDownUITests;
			productName = TouchDownUITests;
			productReference = 79831F1F277F496900731165 /* TouchDownUITests.xctest */;
			productType = "com.apple.product-type.bundle.ui-testing";
		};
/* End PBXNativeTarget section */

/* Begin PBXProject section */
		79831EFD277F496800731165 /* Project object */ = {
			isa = PBXProject;
			attributes = {
				BuildIndependentTargetsInParallel = 1;
				LastSwiftUpdateCheck = 1320;
				LastUpgradeCheck = 1320;
				TargetAttributes = {
					79831F04277F496800731165 = {
						CreatedOnToolsVersion = 13.2.1;
					};
					79831F14277F496900731165 = {
						CreatedOnToolsVersion = 13.2.1;
						TestTargetID = 79831F04277F496800731165;
					};
					79831F1E277F496900731165 = {
						CreatedOnToolsVersion = 13.2.1;
						TestTargetID = 79831F04277F496800731165;
					};
				};
			};
			buildConfigurationList = 79831F00277F496800731165 /* Build configuration list for PBXProject "TouchDown" */;
			compatibilityVersion = "Xcode 13.0";
			developmentRegion = en;
			hasScannedForEncodings = 0;
			knownRegions = (
				en,
				Base,
			);
			mainGroup = 79831EFC277F496800731165;
			productRefGroup = 79831F06277F496800731165 /* Products */;
			projectDirPath = "";
			projectRoot = "";
			targets = (
				79831F04277F496800731165 /* TouchDown */,
				79831F14277F496900731165 /* TouchDownTests */,
				79831F1E277F496900731165 /* TouchDownUITests */,
			);
		};
/* End PBXProject section */

/* Begin PBXResourcesBuildPhase section */
		79831F03277F496800731165 /* Resources */ = {
			isa = PBXResourcesBuildPhase;
			buildActionMask = 2147483647;
			files = (
				79831F39277F4A8B00731165 /* player.json in Resources */,
				79831F10277F496900731165 /* Preview Assets.xcassets in Resources */,
				79831F0D277F496900731165 /* Assets.xcassets in Resources */,
				79831F37277F4A8B00731165 /* brand.json in Resources */,
				79831F38277F4A8B00731165 /* category.json in Resources */,
				79831F3A277F4A8B00731165 /* product.json in Resources */,
			);
			runOnlyForDeploymentPostprocessing = 0;
		};
		79831F13277F496900731165 /* Resources */ = {
			isa = PBXResourcesBuildPhase;
			buildActionMask = 2147483647;
			files = (
			);
			runOnlyForDeploymentPostprocessing = 0;
		};
		79831F1D277F496900731165 /* Resources */ = {
			isa = PBXResourcesBuildPhase;
			buildActionMask = 2147483647;
			files = (
			);
			runOnlyForDeploymentPostprocessing = 0;
		};
/* End PBXResourcesBuildPhase section */

/* Begin PBXSourcesBuildPhase section */
		79831F01277F496800731165 /* Sources */ = {
			isa = PBXSourcesBuildPhase;
			buildActionMask = 2147483647;
			files = (
				79831F0B277F496800731165 /* ContentView.swift in Sources */,
				79831F46277F5B5C00731165 /* FooterView.swift in Sources */,
				79831F09277F496800731165 /* TouchDownApp.swift in Sources */,
				79831F44277F560400731165 /* Constant.swift in Sources */,
			);
			runOnlyForDeploymentPostprocessing = 0;
		};
		79831F11277F496900731165 /* Sources */ = {
			isa = PBXSourcesBuildPhase;
			buildActionMask = 2147483647;
			files = (
				79831F1A277F496900731165 /* TouchDownTests.swift in Sources */,
			);
			runOnlyForDeploymentPostprocessing = 0;
		};
		79831F1B277F496900731165 /* Sources */ = {
			isa = PBXSourcesBuildPhase;
			buildActionMask = 2147483647;
			files = (
				79831F26277F496900731165 /* TouchDownUITestsLaunchTests.swift in Sources */,
				79831F24277F496900731165 /* TouchDownUITests.swift in Sources */,
			);
			runOnlyForDeploymentPostprocessing = 0;
		};
/* End PBXSourcesBuildPhase section */

/* Begin PBXTargetDependency section */
		79831F17277F496900731165 /* PBXTargetDependency */ = {
			isa = PBXTargetDependency;
			target = 79831F04277F496800731165 /* TouchDown */;
			targetProxy = 79831F16277F496900731165 /* PBXContainerItemProxy */;
		};
		79831F21277F496900731165 /* PBXTargetDependency */ = {
			isa = PBXTargetDependency;
			target = 79831F04277F496800731165 /* TouchDown */;
			targetProxy = 79831F20277F496900731165 /* PBXContainerItemProxy */;
		};
/* End PBXTargetDependency section */

/* Begin XCBuildConfiguration section */
		79831F27277F496900731165 /* Debug */ = {
			isa = XCBuildConfiguration;
			buildSettings = {
				ALWAYS_SEARCH_USER_PATHS = NO;
				CLANG_ANALYZER_NONNULL = YES;
				CLANG_ANALYZER_NUMBER_OBJECT_CONVERSION = YES_AGGRESSIVE;
				CLANG_CXX_LANGUAGE_STANDARD = "gnu++17";
				CLANG_CXX_LIBRARY = "libc++";
				CLANG_ENABLE_MODULES = YES;
				CLANG_ENABLE_OBJC_ARC = YES;
				CLANG_ENABLE_OBJC_WEAK = YES;
				CLANG_WARN_BLOCK_CAPTURE_AUTORELEASING = YES;
				CLANG_WARN_BOOL_CONVERSION = YES;
				CLANG_WARN_COMMA = YES;
				CLANG_WARN_CONSTANT_CONVERSION = YES;
				CLANG_WARN_DEPRECATED_OBJC_IMPLEMENTATIONS = YES;
				CLANG_WARN_DIRECT_OBJC_ISA_USAGE = YES_ERROR;
				CLANG_WARN_DOCUMENTATION_COMMENTS = YES;
				CLANG_WARN_EMPTY_BODY = YES;
				CLANG_WARN_ENUM_CONVERSION = YES;
				CLANG_WARN_INFINITE_RECURSION = YES;
				CLANG_WARN_INT_CONVERSION = YES;
				CLANG_WARN_NON_LITERAL_NULL_CONVERSION = YES;
				CLANG_WARN_OBJC_IMPLICIT_RETAIN_SELF = YES;
				CLANG_WARN_OBJC_LITERAL_CONVERSION = YES;
				CLANG_WARN_OBJC_ROOT_CLASS = YES_ERROR;
				CLANG_WARN_QUOTED_INCLUDE_IN_FRAMEWORK_HEADER = YES;
				CLANG_WARN_RANGE_LOOP_ANALYSIS = YES;
				CLANG_WARN_STRICT_PROTOTYPES = YES;
				CLANG_WARN_SUSPICIOUS_MOVE = YES;
				CLANG_WARN_UNGUARDED_AVAILABILITY = YES_AGGRESSIVE;
				CLANG_WARN_UNREACHABLE_CODE = YES;
				CLANG_WARN__DUPLICATE_METHOD_MATCH = YES;
				COPY_PHASE_STRIP = NO;
				DEBUG_INFORMATION_FORMAT = dwarf;
				ENABLE_STRICT_OBJC_MSGSEND = YES;
				ENABLE_TESTABILITY = YES;
				GCC_C_LANGUAGE_STANDARD = gnu11;
				GCC_DYNAMIC_NO_PIC = NO;
				GCC_NO_COMMON_BLOCKS = YES;
				GCC_OPTIMIZATION_LEVEL = 0;
				GCC_PREPROCESSOR_DEFINITIONS = (
					"DEBUG=1",
					"$(inherited)",
				);
				GCC_WARN_64_TO_32_BIT_CONVERSION = YES;
				GCC_WARN_ABOUT_RETURN_TYPE = YES_ERROR;
				GCC_WARN_UNDECLARED_SELECTOR = YES;
				GCC_WARN_UNINITIALIZED_AUTOS = YES_AGGRESSIVE;
				GCC_WARN_UNUSED_FUNCTION = YES;
				GCC_WARN_UNUSED_VARIABLE = YES;
				IPHONEOS_DEPLOYMENT_TARGET = 15.2;
				MTL_ENABLE_DEBUG_INFO = INCLUDE_SOURCE;
				MTL_FAST_MATH = YES;
				ONLY_ACTIVE_ARCH = YES;
				SDKROOT = iphoneos;
				SWIFT_ACTIVE_COMPILATION_CONDITIONS = DEBUG;
				SWIFT_OPTIMIZATION_LEVEL = "-Onone";
			};
			name = Debug;
		};
		79831F28277F496900731165 /* Release */ = {
			isa = XCBuildConfiguration;
			buildSettings = {
				ALWAYS_SEARCH_USER_PATHS = NO;
				CLANG_ANALYZER_NONNULL = YES;
				CLANG_ANALYZER_NUMBER_OBJECT_CONVERSION = YES_AGGRESSIVE;
				CLANG_CXX_LANGUAGE_STANDARD = "gnu++17";
				CLANG_CXX_LIBRARY = "libc++";
				CLANG_ENABLE_MODULES = YES;
				CLANG_ENABLE_OBJC_ARC = YES;
				CLANG_ENABLE_OBJC_WEAK = YES;
				CLANG_WARN_BLOCK_CAPTURE_AUTORELEASING = YES;
				CLANG_WARN_BOOL_CONVERSION = YES;
				CLANG_WARN_COMMA = YES;
				CLANG_WARN_CONSTANT_CONVERSION = YES;
				CLANG_WARN_DEPRECATED_OBJC_IMPLEMENTATIONS = YES;
				CLANG_WARN_DIRECT_OBJC_ISA_USAGE = YES_ERROR;
				CLANG_WARN_DOCUMENTATION_COMMENTS = YES;
				CLANG_WARN_EMPTY_BODY = YES;
				CLANG_WARN_ENUM_CONVERSION = YES;
				CLANG_WARN_INFINITE_RECURSION = YES;
				CLANG_WARN_INT_CONVERSION = YES;
				CLANG_WARN_NON_LITERAL_NULL_CONVERSION = YES;
				CLANG_WARN_OBJC_IMPLICIT_RETAIN_SELF = YES;
				CLANG_WARN_OBJC_LITERAL_CONVERSION = YES;
				CLANG_WARN_OBJC_ROOT_CLASS = YES_ERROR;
				CLANG_WARN_QUOTED_INCLUDE_IN_FRAMEWORK_HEADER = YES;
				CLANG_WARN_RANGE_LOOP_ANALYSIS = YES;
				CLANG_WARN_STRICT_PROTOTYPES = YES;
				CLANG_WARN_SUSPICIOUS_MOVE = YES;
				CLANG_WARN_UNGUARDED_AVAILABILITY = YES_AGGRESSIVE;
				CLANG_WARN_UNREACHABLE_CODE = YES;
				CLANG_WARN__DUPLICATE_METHOD_MATCH = YES;
				COPY_PHASE_STRIP = NO;
				DEBUG_INFORMATION_FORMAT = "dwarf-with-dsym";
				ENABLE_NS_ASSERTIONS = NO;
				ENABLE_STRICT_OBJC_MSGSEND = YES;
				GCC_C_LANGUAGE_STANDARD = gnu11;
				GCC_NO_COMMON_BLOCKS = YES;
				GCC_WARN_64_TO_32_BIT_CONVERSION = YES;
				GCC_WARN_ABOUT_RETURN_TYPE = YES_ERROR;
				GCC_WARN_UNDECLARED_SELECTOR = YES;
				GCC_WARN_UNINITIALIZED_AUTOS = YES_AGGRESSIVE;
				GCC_WARN_UNUSED_FUNCTION = YES;
				GCC_WARN_UNUSED_VARIABLE = YES;
				IPHONEOS_DEPLOYMENT_TARGET = 15.2;
				MTL_ENABLE_DEBUG_INFO = NO;
				MTL_FAST_MATH = YES;
				SDKROOT = iphoneos;
				SWIFT_COMPILATION_MODE = wholemodule;
				SWIFT_OPTIMIZATION_LEVEL = "-O";
				VALIDATE_PRODUCT = YES;
			};
			name = Release;
		};
		79831F2A277F496900731165 /* Debug */ = {
			isa = XCBuildConfiguration;
			buildSettings = {
				ASSETCATALOG_COMPILER_APPICON_NAME = AppIcon;
				ASSETCATALOG_COMPILER_GLOBAL_ACCENT_COLOR_NAME = AccentColor;
				CODE_SIGN_STYLE = Automatic;
				CURRENT_PROJECT_VERSION = 1;
				DEVELOPMENT_ASSET_PATHS = "\"TouchDown/Preview Content\"";
				DEVELOPMENT_TEAM = 9GDFZQUNG3;
				ENABLE_PREVIEWS = YES;
				GENERATE_INFOPLIST_FILE = YES;
				INFOPLIST_FILE = TouchDown/Info.plist;
				INFOPLIST_KEY_UIApplicationSceneManifest_Generation = YES;
				INFOPLIST_KEY_UIApplicationSupportsIndirectInputEvents = YES;
				INFOPLIST_KEY_UISupportedInterfaceOrientations = UIInterfaceOrientationPortrait;
				INFOPLIST_KEY_UISupportedInterfaceOrientations_iPad = "UIInterfaceOrientationPortrait UIInterfaceOrientationPortraitUpsideDown UIInterfaceOrientationLandscapeLeft UIInterfaceOrientationLandscapeRight";
				INFOPLIST_KEY_UISupportedInterfaceOrientations_iPhone = "UIInterfaceOrientationPortrait UIInterfaceOrientationLandscapeLeft UIInterfaceOrientationLandscapeRight";
				INFOPLIST_KEY_UIUserInterfaceStyle = Light;
				LD_RUNPATH_SEARCH_PATHS = (
					"$(inherited)",
					"@executable_path/Frameworks",
				);
				MARKETING_VERSION = 1.0;
				PRODUCT_BUNDLE_IDENTIFIER = MMRBD.TouchDown;
				PRODUCT_NAME = "$(TARGET_NAME)";
				SWIFT_EMIT_LOC_STRINGS = YES;
				SWIFT_VERSION = 5.0;
				TARGETED_DEVICE_FAMILY = "1,2";
			};
			name = Debug;
		};
		79831F2B277F496900731165 /* Release */ = {
			isa = XCBuildConfiguration;
			buildSettings = {
				ASSETCATALOG_COMPILER_APPICON_NAME = AppIcon;
				ASSETCATALOG_COMPILER_GLOBAL_ACCENT_COLOR_NAME = AccentColor;
				CODE_SIGN_STYLE = Automatic;
				CURRENT_PROJECT_VERSION = 1;
				DEVELOPMENT_ASSET_PATHS = "\"TouchDown/Preview Content\"";
				DEVELOPMENT_TEAM = 9GDFZQUNG3;
				ENABLE_PREVIEWS = YES;
				GENERATE_INFOPLIST_FILE = YES;
				INFOPLIST_FILE = TouchDown/Info.plist;
				INFOPLIST_KEY_UIApplicationSceneManifest_Generation = YES;
				INFOPLIST_KEY_UIApplicationSupportsIndirectInputEvents = YES;
				INFOPLIST_KEY_UISupportedInterfaceOrientations = UIInterfaceOrientationPortrait;
				INFOPLIST_KEY_UISupportedInterfaceOrientations_iPad = "UIInterfaceOrientationPortrait UIInterfaceOrientationPortraitUpsideDown UIInterfaceOrientationLandscapeLeft UIInterfaceOrientationLandscapeRight";
				INFOPLIST_KEY_UISupportedInterfaceOrientations_iPhone = "UIInterfaceOrientationPortrait UIInterfaceOrientationLandscapeLeft UIInterfaceOrientationLandscapeRight";
				INFOPLIST_KEY_UIUserInterfaceStyle = Light;
				LD_RUNPATH_SEARCH_PATHS = (
					"$(inherited)",
					"@executable_path/Frameworks",
				);
				MARKETING_VERSION = 1.0;
				PRODUCT_BUNDLE_IDENTIFIER = MMRBD.TouchDown;
				PRODUCT_NAME = "$(TARGET_NAME)";
				SWIFT_EMIT_LOC_STRINGS = YES;
				SWIFT_VERSION = 5.0;
				TARGETED_DEVICE_FAMILY = "1,2";
			};
			name = Release;
		};
		79831F2D277F496900731165 /* Debug */ = {
			isa = XCBuildConfiguration;
			buildSettings = {
				ALWAYS_EMBED_SWIFT_STANDARD_LIBRARIES = YES;
				BUNDLE_LOADER = "$(TEST_HOST)";
				CODE_SIGN_STYLE = Automatic;
				CURRENT_PROJECT_VERSION = 1;
				DEVELOPMENT_TEAM = 9GDFZQUNG3;
				GENERATE_INFOPLIST_FILE = YES;
				IPHONEOS_DEPLOYMENT_TARGET = 15.2;
				MARKETING_VERSION = 1.0;
				PRODUCT_BUNDLE_IDENTIFIER = MMRBD.TouchDownTests;
				PRODUCT_NAME = "$(TARGET_NAME)";
				SWIFT_EMIT_LOC_STRINGS = NO;
				SWIFT_VERSION = 5.0;
				TARGETED_DEVICE_FAMILY = "1,2";
				TEST_HOST = "$(BUILT_PRODUCTS_DIR)/TouchDown.app/TouchDown";
			};
			name = Debug;
		};
		79831F2E277F496900731165 /* Release */ = {
			isa = XCBuildConfiguration;
			buildSettings = {
				ALWAYS_EMBED_SWIFT_STANDARD_LIBRARIES = YES;
				BUNDLE_LOADER = "$(TEST_HOST)";
				CODE_SIGN_STYLE = Automatic;
				CURRENT_PROJECT_VERSION = 1;
				DEVELOPMENT_TEAM = 9GDFZQUNG3;
				GENERATE_INFOPLIST_FILE = YES;
				IPHONEOS_DEPLOYMENT_TARGET = 15.2;
				MARKETING_VERSION = 1.0;
				PRODUCT_BUNDLE_IDENTIFIER = MMRBD.TouchDownTests;
				PRODUCT_NAME = "$(TARGET_NAME)";
				SWIFT_EMIT_LOC_STRINGS = NO;
				SWIFT_VERSION = 5.0;
				TARGETED_DEVICE_FAMILY = "1,2";
				TEST_HOST = "$(BUILT_PRODUCTS_DIR)/TouchDown.app/TouchDown";
			};
			name = Release;
		};
		79831F30277F496900731165 /* Debug */ = {
			isa = XCBuildConfiguration;
			buildSettings = {
				ALWAYS_EMBED_SWIFT_STANDARD_LIBRARIES = YES;
				CODE_SIGN_STYLE = Automatic;
				CURRENT_PROJECT_VERSION = 1;
				DEVELOPMENT_TEAM = 9GDFZQUNG3;
				GENERATE_INFOPLIST_FILE = YES;
				MARKETING_VERSION = 1.0;
				PRODUCT_BUNDLE_IDENTIFIER = MMRBD.TouchDownUITests;
				PRODUCT_NAME = "$(TARGET_NAME)";
				SWIFT_EMIT_LOC_STRINGS = NO;
				SWIFT_VERSION = 5.0;
				TARGETED_DEVICE_FAMILY = "1,2";
				TEST_TARGET_NAME = TouchDown;
			};
			name = Debug;
		};
		79831F31277F496900731165 /* Release */ = {
			isa = XCBuildConfiguration;
			buildSettings = {
				ALWAYS_EMBED_SWIFT_STANDARD_LIBRARIES = YES;
				CODE_SIGN_STYLE = Automatic;
				CURRENT_PROJECT_VERSION = 1;
				DEVELOPMENT_TEAM = 9GDFZQUNG3;
				GENERATE_INFOPLIST_FILE = YES;
				MARKETING_VERSION = 1.0;
				PRODUCT_BUNDLE_IDENTIFIER = MMRBD.TouchDownUITests;
				PRODUCT_NAME = "$(TARGET_NAME)";
				SWIFT_EMIT_LOC_STRINGS = NO;
				SWIFT_VERSION = 5.0;
				TARGETED_DEVICE_FAMILY = "1,2";
				TEST_TARGET_NAME = TouchDown;
			};
			name = Release;
		};
/* End XCBuildConfiguration section */

/* Begin XCConfigurationList section */
		79831F00277F496800731165 /* Build configuration list for PBXProject "TouchDown" */ = {
			isa = XCConfigurationList;
			buildConfigurations = (
				79831F27277F496900731165 /* Debug */,
				79831F28277F496900731165 /* Release */,
			);
			defaultConfigurationIsVisible = 0;
			defaultConfigurationName = Release;
		};
		79831F29277F496900731165 /* Build configuration list for PBXNativeTarget "TouchDown" */ = {
			isa = XCConfigurationList;
			buildConfigurations = (
				79831F2A277F496900731165 /* Debug */,
				79831F2B277F496900731165 /* Release */,
			);
			defaultConfigurationIsVisible = 0;
			defaultConfigurationName = Release;
		};
		79831F2C277F496900731165 /* Build configuration list for PBXNativeTarget "TouchDownTests" */ = {
			isa = XCConfigurationList;
			buildConfigurations = (
				79831F2D277F496900731165 /* Debug */,
				79831F2E277F496900731165 /* Release */,
			);
			defaultConfigurationIsVisible = 0;
			defaultConfigurationName = Release;
		};
		79831F2F277F496900731165 /* Build configuration list for PBXNativeTarget "TouchDownUITests" */ = {
			isa = XCConfigurationList;
			buildConfigurations = (
				79831F30277F496900731165 /* Debug */,
				79831F31277F496900731165 /* Release */,
			);
			defaultConfigurationIsVisible = 0;
			defaultConfigurationName = Release;
		};
/* End XCConfigurationList section */
	};
	rootObject = 79831EFD277F496800731165 /* Project object */;
}
